
Microsoft Visual Studio Solution File, Format Version 12.00
# Visual Studio Version 17
VisualStudioVersion = 17.13.35919.96
MinimumVisualStudioVersion = 10.0.40219.1
Project("{2150E333-8FDC-42A3-9474-1A3956D46DE8}") = "Элементы решения", "Элементы решения", "{754FC069-D67B-A9D7-50A1-8D1CA196D8F1}"
	ProjectSection(SolutionItems) = preProject
		.gitattributes = .gitattributes
		.gitignore = .gitignore
		README.md = README.md
	EndProjectSection
EndProject
Project("{FAE04EC0-301F-11D3-BF4B-00C04F79EFBC}") = "Oil level glass 3D Core", "Oil level glass Core\Oil level glass 3D Core.csproj", "{A6663E53-AB0D-451F-ACE1-3D758B0052C6}"
EndProject
Project("{2150E333-8FDC-42A3-9474-1A3956D46DE8}") = "docs", "docs", "{36D591C7-65C7-A0D1-1CBC-10CDE441BDC8}"
EndProject
Project("{2150E333-8FDC-42A3-9474-1A3956D46DE8}") = "Sketches", "Sketches", "{097B336B-FBE1-424D-9188-8C561F6C2BC2}"
	ProjectSection(SolutionItems) = preProject
		..\..\..\..\Downloads\Oil-level-glass\Oil-level-glass\Class diagrams\Oil level glass Core.drawio = ..\..\..\..\Downloads\Oil-level-glass\Oil-level-glass\Class diagrams\Oil level glass Core.drawio
	EndProjectSection
EndProject
Project("{2150E333-8FDC-42A3-9474-1A3956D46DE8}") = "Realesed", "Realesed", "{A233B139-35F2-4A63-BDC7-252656E8B3A0}"
EndProject
Project("{FAE04EC0-301F-11D3-BF4B-00C04F79EFBC}") = "Utils", "Utils\Utils.csproj", "{D4ABC500-0A22-4721-B9C3-C89213990C4F}"
EndProject
Project("{FAE04EC0-301F-11D3-BF4B-00C04F79EFBC}") = "KompasData", "KompasData\KompasData.csproj", "{0442F4AA-1AA2-4BF6-BC5B-58C9B14C3A09}"
EndProject
Project("{FAE04EC0-301F-11D3-BF4B-00C04F79EFBC}") = "NativeMethods", "NativeMethods\NativeMethods.csproj", "{17B7B2EC-6254-4C7E-9536-C259A7FA0089}"
EndProject
Project("{FAE04EC0-301F-11D3-BF4B-00C04F79EFBC}") = "DependenciesManager", "DependenciesManager\DependenciesManager.csproj", "{74B6DD2C-6D5D-489A-9B56-5ED04103461B}"
EndProject
Project("{2150E333-8FDC-42A3-9474-1A3956D46DE8}") = "dependencies", "dependencies", "{02EA681E-C7D8-13C7-8484-4AC65E1B71E8}"
EndProject
Project("{FAE04EC0-301F-11D3-BF4B-00C04F79EFBC}") = "Oil-level-glass-UI", "Oil-level-glass-UI\Oil-level-glass-UI.csproj", "{2DCB4F49-FB11-4762-B7BB-A290D089AFC4}"
EndProject
Global
	GlobalSection(SolutionConfigurationPlatforms) = preSolution
		Debug|Any CPU = Debug|Any CPU
		Release|Any CPU = Release|Any CPU
	EndGlobalSection
	GlobalSection(ProjectConfigurationPlatforms) = postSolution
		{A6663E53-AB0D-451F-ACE1-3D758B0052C6}.Debug|Any CPU.ActiveCfg = Debug|Any CPU
		{A6663E53-AB0D-451F-ACE1-3D758B0052C6}.Debug|Any CPU.Build.0 = Debug|Any CPU
		{A6663E53-AB0D-451F-ACE1-3D758B0052C6}.Release|Any CPU.ActiveCfg = Release|Any CPU
		{A6663E53-AB0D-451F-ACE1-3D758B0052C6}.Release|Any CPU.Build.0 = Release|Any CPU
		{D4ABC500-0A22-4721-B9C3-C89213990C4F}.Debug|Any CPU.ActiveCfg = Debug|Any CPU
		{D4ABC500-0A22-4721-B9C3-C89213990C4F}.Debug|Any CPU.Build.0 = Debug|Any CPU
		{D4ABC500-0A22-4721-B9C3-C89213990C4F}.Release|Any CPU.ActiveCfg = Release|Any CPU
		{D4ABC500-0A22-4721-B9C3-C89213990C4F}.Release|Any CPU.Build.0 = Release|Any CPU
		{0442F4AA-1AA2-4BF6-BC5B-58C9B14C3A09}.Debug|Any CPU.ActiveCfg = Debug|Any CPU
		{0442F4AA-1AA2-4BF6-BC5B-58C9B14C3A09}.Debug|Any CPU.Build.0 = Debug|Any CPU
		{0442F4AA-1AA2-4BF6-BC5B-58C9B14C3A09}.Release|Any CPU.ActiveCfg = Release|Any CPU
		{0442F4AA-1AA2-4BF6-BC5B-58C9B14C3A09}.Release|Any CPU.Build.0 = Release|Any CPU
		{17B7B2EC-6254-4C7E-9536-C259A7FA0089}.Debug|Any CPU.ActiveCfg = Debug|Any CPU
		{17B7B2EC-6254-4C7E-9536-C259A7FA0089}.Debug|Any CPU.Build.0 = Debug|Any CPU
		{17B7B2EC-6254-4C7E-9536-C259A7FA0089}.Release|Any CPU.ActiveCfg = Release|Any CPU
		{17B7B2EC-6254-4C7E-9536-C259A7FA0089}.Release|Any CPU.Build.0 = Release|Any CPU
		{74B6DD2C-6D5D-489A-9B56-5ED04103461B}.Debug|Any CPU.ActiveCfg = Debug|Any CPU
		{74B6DD2C-6D5D-489A-9B56-5ED04103461B}.Debug|Any CPU.Build.0 = Debug|Any CPU
		{74B6DD2C-6D5D-489A-9B56-5ED04103461B}.Release|Any CPU.ActiveCfg = Release|Any CPU
		{74B6DD2C-6D5D-489A-9B56-5ED04103461B}.Release|Any CPU.Build.0 = Release|Any CPU
		{2DCB4F49-FB11-4762-B7BB-A290D089AFC4}.Debug|Any CPU.ActiveCfg = Debug|Any CPU
		{2DCB4F49-FB11-4762-B7BB-A290D089AFC4}.Debug|Any CPU.Build.0 = Debug|Any CPU
		{2DCB4F49-FB11-4762-B7BB-A290D089AFC4}.Release|Any CPU.ActiveCfg = Release|Any CPU
		{2DCB4F49-FB11-4762-B7BB-A290D089AFC4}.Release|Any CPU.Build.0 = Release|Any CPU
	EndGlobalSection
	GlobalSection(SolutionProperties) = preSolution
		HideSolutionNode = FALSE
	EndGlobalSection
	GlobalSection(NestedProjects) = preSolution
		{36D591C7-65C7-A0D1-1CBC-10CDE441BDC8} = {754FC069-D67B-A9D7-50A1-8D1CA196D8F1}
		{097B336B-FBE1-424D-9188-8C561F6C2BC2} = {36D591C7-65C7-A0D1-1CBC-10CDE441BDC8}
		{A233B139-35F2-4A63-BDC7-252656E8B3A0} = {36D591C7-65C7-A0D1-1CBC-10CDE441BDC8}
		{02EA681E-C7D8-13C7-8484-4AC65E1B71E8} = {754FC069-D67B-A9D7-50A1-8D1CA196D8F1}
	EndGlobalSection
	GlobalSection(ExtensibilityGlobals) = postSolution
		SolutionGuid = {09E88832-B967-43DA-BE85-E0BC97BD4700}
	EndGlobalSection
EndGlobal
