
Microsoft Visual Studio Solution File, Format Version 12.00
# Visual Studio Version 17
VisualStudioVersion = 17.13.35919.96
MinimumVisualStudioVersion = 10.0.40219.1
Project("{2150E333-8FDC-42A3-9474-1A3956D46DE8}") = "Элементы решения", "Элементы решения", "{754FC069-D67B-A9D7-50A1-8D1CA196D8F1}"
	ProjectSection(SolutionItems) = preProject
		.gitattributes = .gitattributes
		.gitignore = .gitignore
		README.md = README.md
	EndProjectSection
EndProject
Project("{2150E333-8FDC-42A3-9474-1A3956D46DE8}") = "docs", "docs", "{36D591C7-65C7-A0D1-1CBC-10CDE441BDC8}"
EndProject
Project("{2150E333-8FDC-42A3-9474-1A3956D46DE8}") = "Sketches", "Sketches", "{097B336B-FBE1-424D-9188-8C561F6C2BC2}"
	ProjectSection(SolutionItems) = preProject
		..\..\..\..\Downloads\Oil-level-glass\Oil-level-glass\Class diagrams\Oil level glass Core.drawio = ..\..\..\..\Downloads\Oil-level-glass\Oil-level-glass\Class diagrams\Oil level glass Core.drawio
	EndProjectSection
EndProject
Project("{2150E333-8FDC-42A3-9474-1A3956D46DE8}") = "Realesed", "Realesed", "{A233B139-35F2-4A63-BDC7-252656E8B3A0}"
EndProject
Project("{FAE04EC0-301F-11D3-BF4B-00C04F79EFBC}") = "Oil level glass.Core", "src\Core\Core\Oil level glass.Core.csproj", "{755CDF33-999E-573A-CEDF-7BE093830879}"
EndProject
Project("{FAE04EC0-301F-11D3-BF4B-00C04F79EFBC}") = "Oil level glass.COM", "src\Core\COM\Oil level glass.COM.csproj", "{AEC100DD-5204-E3FC-26FE-A6C4E050FE66}"
EndProject
Project("{2150E333-8FDC-42A3-9474-1A3956D46DE8}") = "Core", "Core", "{02EA681E-C7D8-13C7-8484-4AC65E1B71E8}"
EndProject
Project("{FAE04EC0-301F-11D3-BF4B-00C04F79EFBC}") = "Oil level glass.WPF.Styles", "src\GUI\WPF.Styles\Oil level glass.WPF.Styles.csproj", "{1C1B9520-0758-531A-662E-CFE54D46E1E9}"
EndProject
Project("{FAE04EC0-301F-11D3-BF4B-00C04F79EFBC}") = "Oil level glass.WPF", "src\GUI\WPF\Oil level glass.WPF.csproj", "{CFCDFB84-F505-13C5-4FFF-A408AB53691F}"
EndProject
Project("{2150E333-8FDC-42A3-9474-1A3956D46DE8}") = "GUI", "GUI", "{99EFDC32-04F3-4529-9D69-B9DEFC04A4F6}"
EndProject
Project("{FAE04EC0-301F-11D3-BF4B-00C04F79EFBC}") = "Oil level glass.Model", "src\Model\Oil level glass.Model.csproj", "{C07F4D3B-3B73-FF09-EF28-914F61F3465D}"
EndProject
Project("{2150E333-8FDC-42A3-9474-1A3956D46DE8}") = "Model", "Model", "{05E07565-F61A-4FBC-8CE5-E3F9FC3A471C}"
EndProject
Project("{FAE04EC0-301F-11D3-BF4B-00C04F79EFBC}") = "Oil level glass.Tests", "src\Tests\Oil level glass.Tests.csproj", "{BE588ADC-0D2E-3421-0541-F006E13025C6}"
EndProject
Project("{FAE04EC0-301F-11D3-BF4B-00C04F79EFBC}") = "Shared", "src\Shared\Shared.csproj", "{A1B42776-545A-45DE-90BF-783CBDFC5B8E}"
EndProject
Global
	GlobalSection(SolutionConfigurationPlatforms) = preSolution
		Debug|Any CPU = Debug|Any CPU
		Release|Any CPU = Release|Any CPU
	EndGlobalSection
	GlobalSection(ProjectConfigurationPlatforms) = postSolution
		{755CDF33-999E-573A-CEDF-7BE093830879}.Debug|Any CPU.ActiveCfg = Debug|Any CPU
		{755CDF33-999E-573A-CEDF-7BE093830879}.Debug|Any CPU.Build.0 = Debug|Any CPU
		{755CDF33-999E-573A-CEDF-7BE093830879}.Release|Any CPU.ActiveCfg = Release|Any CPU
		{755CDF33-999E-573A-CEDF-7BE093830879}.Release|Any CPU.Build.0 = Release|Any CPU
		{AEC100DD-5204-E3FC-26FE-A6C4E050FE66}.Debug|Any CPU.ActiveCfg = Debug|Any CPU
		{AEC100DD-5204-E3FC-26FE-A6C4E050FE66}.Debug|Any CPU.Build.0 = Debug|Any CPU
		{AEC100DD-5204-E3FC-26FE-A6C4E050FE66}.Release|Any CPU.ActiveCfg = Release|Any CPU
		{AEC100DD-5204-E3FC-26FE-A6C4E050FE66}.Release|Any CPU.Build.0 = Release|Any CPU
		{1C1B9520-0758-531A-662E-CFE54D46E1E9}.Debug|Any CPU.ActiveCfg = Debug|Any CPU
		{1C1B9520-0758-531A-662E-CFE54D46E1E9}.Debug|Any CPU.Build.0 = Debug|Any CPU
		{1C1B9520-0758-531A-662E-CFE54D46E1E9}.Release|Any CPU.ActiveCfg = Release|Any CPU
		{1C1B9520-0758-531A-662E-CFE54D46E1E9}.Release|Any CPU.Build.0 = Release|Any CPU
		{CFCDFB84-F505-13C5-4FFF-A408AB53691F}.Debug|Any CPU.ActiveCfg = Debug|Any CPU
		{CFCDFB84-F505-13C5-4FFF-A408AB53691F}.Debug|Any CPU.Build.0 = Debug|Any CPU
		{CFCDFB84-F505-13C5-4FFF-A408AB53691F}.Release|Any CPU.ActiveCfg = Release|Any CPU
		{CFCDFB84-F505-13C5-4FFF-A408AB53691F}.Release|Any CPU.Build.0 = Release|Any CPU
		{C07F4D3B-3B73-FF09-EF28-914F61F3465D}.Debug|Any CPU.ActiveCfg = Debug|Any CPU
		{C07F4D3B-3B73-FF09-EF28-914F61F3465D}.Debug|Any CPU.Build.0 = Debug|Any CPU
		{C07F4D3B-3B73-FF09-EF28-914F61F3465D}.Release|Any CPU.ActiveCfg = Release|Any CPU
		{C07F4D3B-3B73-FF09-EF28-914F61F3465D}.Release|Any CPU.Build.0 = Release|Any CPU
		{BE588ADC-0D2E-3421-0541-F006E13025C6}.Debug|Any CPU.ActiveCfg = Debug|Any CPU
		{BE588ADC-0D2E-3421-0541-F006E13025C6}.Debug|Any CPU.Build.0 = Debug|Any CPU
		{BE588ADC-0D2E-3421-0541-F006E13025C6}.Release|Any CPU.ActiveCfg = Release|Any CPU
		{BE588ADC-0D2E-3421-0541-F006E13025C6}.Release|Any CPU.Build.0 = Release|Any CPU
		{A1B42776-545A-45DE-90BF-783CBDFC5B8E}.Debug|Any CPU.ActiveCfg = Debug|Any CPU
		{A1B42776-545A-45DE-90BF-783CBDFC5B8E}.Debug|Any CPU.Build.0 = Debug|Any CPU
		{A1B42776-545A-45DE-90BF-783CBDFC5B8E}.Release|Any CPU.ActiveCfg = Release|Any CPU
		{A1B42776-545A-45DE-90BF-783CBDFC5B8E}.Release|Any CPU.Build.0 = Release|Any CPU
	EndGlobalSection
	GlobalSection(SolutionProperties) = preSolution
		HideSolutionNode = FALSE
	EndGlobalSection
	GlobalSection(NestedProjects) = preSolution
		{36D591C7-65C7-A0D1-1CBC-10CDE441BDC8} = {754FC069-D67B-A9D7-50A1-8D1CA196D8F1}
		{097B336B-FBE1-424D-9188-8C561F6C2BC2} = {36D591C7-65C7-A0D1-1CBC-10CDE441BDC8}
		{A233B139-35F2-4A63-BDC7-252656E8B3A0} = {36D591C7-65C7-A0D1-1CBC-10CDE441BDC8}
		{755CDF33-999E-573A-CEDF-7BE093830879} = {02EA681E-C7D8-13C7-8484-4AC65E1B71E8}
		{AEC100DD-5204-E3FC-26FE-A6C4E050FE66} = {02EA681E-C7D8-13C7-8484-4AC65E1B71E8}
		{1C1B9520-0758-531A-662E-CFE54D46E1E9} = {99EFDC32-04F3-4529-9D69-B9DEFC04A4F6}
		{CFCDFB84-F505-13C5-4FFF-A408AB53691F} = {99EFDC32-04F3-4529-9D69-B9DEFC04A4F6}
		{C07F4D3B-3B73-FF09-EF28-914F61F3465D} = {05E07565-F61A-4FBC-8CE5-E3F9FC3A471C}
	EndGlobalSection
	GlobalSection(ExtensibilityGlobals) = postSolution
		SolutionGuid = {09E88832-B967-43DA-BE85-E0BC97BD4700}
	EndGlobalSection
EndGlobal
